
Microsoft Visual Studio Solution File, Format Version 12.00
# Visual Studio Version 16
VisualStudioVersion = 16.0.30709.132
MinimumVisualStudioVersion = 10.0.40219.1
Project("{9A19103F-16F7-4668-BE54-9A1E7A4F7556}") = "FundPortfolioManager", "FundPortfolioManager\FundPortfolioManager.csproj", "{2136750C-16ED-40DB-8B35-F81232269EB5}"
EndProject
Project("{9A19103F-16F7-4668-BE54-9A1E7A4F7556}") = "Microsoft.Extensions.Messaging.RabbitMQ", "Microsoft.Extensions.Messaging.RabbitMQ\Microsoft.Extensions.Messaging.RabbitMQ.csproj", "{A611AABF-785E-4539-8B43-C7209789C69A}"
EndProject
Project("{9A19103F-16F7-4668-BE54-9A1E7A4F7556}") = "DocumentProcessor", "DocumentProcessor\DocumentProcessor.csproj", "{B6D71A29-4145-4E75-B0FC-C7CE579DC468}"
EndProject
Project("{FAE04EC0-301F-11D3-BF4B-00C04F79EFBC}") = "FundPortfolioManager.Models", "FundPortfolioManager.Models\FundPortfolioManager.Models.csproj", "{AC25A38B-2368-4AED-A4B9-AE0E74982C9B}"
EndProject
Global
	GlobalSection(SolutionConfigurationPlatforms) = preSolution
		Debug|Any CPU = Debug|Any CPU
		Release|Any CPU = Release|Any CPU
	EndGlobalSection
	GlobalSection(ProjectConfigurationPlatforms) = postSolution
		{2136750C-16ED-40DB-8B35-F81232269EB5}.Debug|Any CPU.ActiveCfg = Debug|Any CPU
		{2136750C-16ED-40DB-8B35-F81232269EB5}.Debug|Any CPU.Build.0 = Debug|Any CPU
		{2136750C-16ED-40DB-8B35-F81232269EB5}.Release|Any CPU.ActiveCfg = Release|Any CPU
		{2136750C-16ED-40DB-8B35-F81232269EB5}.Release|Any CPU.Build.0 = Release|Any CPU
		{A611AABF-785E-4539-8B43-C7209789C69A}.Debug|Any CPU.ActiveCfg = Debug|Any CPU
		{A611AABF-785E-4539-8B43-C7209789C69A}.Debug|Any CPU.Build.0 = Debug|Any CPU
		{A611AABF-785E-4539-8B43-C7209789C69A}.Release|Any CPU.ActiveCfg = Release|Any CPU
		{A611AABF-785E-4539-8B43-C7209789C69A}.Release|Any CPU.Build.0 = Release|Any CPU
		{B6D71A29-4145-4E75-B0FC-C7CE579DC468}.Debug|Any CPU.ActiveCfg = Debug|Any CPU
		{B6D71A29-4145-4E75-B0FC-C7CE579DC468}.Debug|Any CPU.Build.0 = Debug|Any CPU
		{B6D71A29-4145-4E75-B0FC-C7CE579DC468}.Release|Any CPU.ActiveCfg = Release|Any CPU
		{B6D71A29-4145-4E75-B0FC-C7CE579DC468}.Release|Any CPU.Build.0 = Release|Any CPU
		{AC25A38B-2368-4AED-A4B9-AE0E74982C9B}.Debug|Any CPU.ActiveCfg = Debug|Any CPU
		{AC25A38B-2368-4AED-A4B9-AE0E74982C9B}.Debug|Any CPU.Build.0 = Debug|Any CPU
		{AC25A38B-2368-4AED-A4B9-AE0E74982C9B}.Release|Any CPU.ActiveCfg = Release|Any CPU
		{AC25A38B-2368-4AED-A4B9-AE0E74982C9B}.Release|Any CPU.Build.0 = Release|Any CPU
	EndGlobalSection
	GlobalSection(SolutionProperties) = preSolution
		HideSolutionNode = FALSE
	EndGlobalSection
	GlobalSection(ExtensibilityGlobals) = postSolution
		SolutionGuid = {2E3C6A2F-A551-46BF-AC5A-BEF17CBDD3E3}
	EndGlobalSection
EndGlobal
